// !$*UTF8*$!
{
	archiveVersion = 1;
	classes = {
	};
	objectVersion = 50;
	objects = {

/* Begin PBXBuildFile section */
		5280242E25A357CC00817A04 /* AppDelegate.swift in Sources */ = {isa = PBXBuildFile; fileRef = 5280242D25A357CC00817A04 /* AppDelegate.swift */; };
		5280243025A357CC00817A04 /* SceneDelegate.swift in Sources */ = {isa = PBXBuildFile; fileRef = 5280242F25A357CC00817A04 /* SceneDelegate.swift */; };
		5280243225A357CC00817A04 /* ViewController.swift in Sources */ = {isa = PBXBuildFile; fileRef = 5280243125A357CC00817A04 /* ViewController.swift */; };
		5280243725A357CE00817A04 /* Assets.xcassets in Resources */ = {isa = PBXBuildFile; fileRef = 5280243625A357CE00817A04 /* Assets.xcassets */; };
		5280243A25A357CE00817A04 /* LaunchScreen.storyboard in Resources */ = {isa = PBXBuildFile; fileRef = 5280243825A357CE00817A04 /* LaunchScreen.storyboard */; };
		5280244925A3585900817A04 /* CounterView.swift in Sources */ = {isa = PBXBuildFile; fileRef = 5280244825A3585900817A04 /* CounterView.swift */; };
		5280244E25A3587900817A04 /* CounterInteractor.swift in Sources */ = {isa = PBXBuildFile; fileRef = 5280244D25A3587900817A04 /* CounterInteractor.swift */; };
		5280245125A3588200817A04 /* CounterPresenter.swift in Sources */ = {isa = PBXBuildFile; fileRef = 5280245025A3588200817A04 /* CounterPresenter.swift */; };
		5280245425A3589100817A04 /* Counter.swift in Sources */ = {isa = PBXBuildFile; fileRef = 5280245325A3589100817A04 /* Counter.swift */; };
		5280245725A358A000817A04 /* CounterRouter.swift in Sources */ = {isa = PBXBuildFile; fileRef = 5280245625A358A000817A04 /* CounterRouter.swift */; };
		5280245C25A358D100817A04 /* CounterContract.swift in Sources */ = {isa = PBXBuildFile; fileRef = 5280245B25A358D100817A04 /* CounterContract.swift */; };
/* End PBXBuildFile section */

/* Begin PBXFileReference section */
		5280242A25A357CC00817A04 /* Counter-Vipper-Swift.app */ = {isa = PBXFileReference; explicitFileType = wrapper.application; includeInIndex = 0; path = "Counter-Vipper-Swift.app"; sourceTree = BUILT_PRODUCTS_DIR; };
		5280242D25A357CC00817A04 /* AppDelegate.swift */ = {isa = PBXFileReference; lastKnownFileType = sourcecode.swift; path = AppDelegate.swift; sourceTree = "<group>"; };
		5280242F25A357CC00817A04 /* SceneDelegate.swift */ = {isa = PBXFileReference; lastKnownFileType = sourcecode.swift; path = SceneDelegate.swift; sourceTree = "<group>"; };
		5280243125A357CC00817A04 /* ViewController.swift */ = {isa = PBXFileReference; lastKnownFileType = sourcecode.swift; path = ViewController.swift; sourceTree = "<group>"; };
		5280243625A357CE00817A04 /* Assets.xcassets */ = {isa = PBXFileReference; lastKnownFileType = folder.assetcatalog; path = Assets.xcassets; sourceTree = "<group>"; };
		5280243925A357CE00817A04 /* Base */ = {isa = PBXFileReference; lastKnownFileType = file.storyboard; name = Base; path = Base.lproj/LaunchScreen.storyboard; sourceTree = "<group>"; };
		5280243B25A357CE00817A04 /* Info.plist */ = {isa = PBXFileReference; lastKnownFileType = text.plist.xml; path = Info.plist; sourceTree = "<group>"; };
		5280244825A3585900817A04 /* CounterView.swift */ = {isa = PBXFileReference; lastKnownFileType = sourcecode.swift; path = CounterView.swift; sourceTree = "<group>"; };
		5280244D25A3587900817A04 /* CounterInteractor.swift */ = {isa = PBXFileReference; lastKnownFileType = sourcecode.swift; path = CounterInteractor.swift; sourceTree = "<group>"; };
		5280245025A3588200817A04 /* CounterPresenter.swift */ = {isa = PBXFileReference; lastKnownFileType = sourcecode.swift; path = CounterPresenter.swift; sourceTree = "<group>"; };
		5280245325A3589100817A04 /* Counter.swift */ = {isa = PBXFileReference; lastKnownFileType = sourcecode.swift; path = Counter.swift; sourceTree = "<group>"; };
		5280245625A358A000817A04 /* CounterRouter.swift */ = {isa = PBXFileReference; lastKnownFileType = sourcecode.swift; path = CounterRouter.swift; sourceTree = "<group>"; };
		5280245B25A358D100817A04 /* CounterContract.swift */ = {isa = PBXFileReference; lastKnownFileType = sourcecode.swift; path = CounterContract.swift; sourceTree = "<group>"; };
/* End PBXFileReference section */

/* Begin PBXFrameworksBuildPhase section */
		5280242725A357CC00817A04 /* Frameworks */ = {
			isa = PBXFrameworksBuildPhase;
			buildActionMask = 2147483647;
			files = (
			);
			runOnlyForDeploymentPostprocessing = 0;
		};
/* End PBXFrameworksBuildPhase section */

/* Begin PBXGroup section */
		5280242125A357CC00817A04 = {
			isa = PBXGroup;
			children = (
				5280242C25A357CC00817A04 /* Counter-Vipper-Swift */,
				5280242B25A357CC00817A04 /* Products */,
			);
			sourceTree = "<group>";
		};
		5280242B25A357CC00817A04 /* Products */ = {
			isa = PBXGroup;
			children = (
				5280242A25A357CC00817A04 /* Counter-Vipper-Swift.app */,
			);
			name = Products;
			sourceTree = "<group>";
		};
		5280242C25A357CC00817A04 /* Counter-Vipper-Swift */ = {
			isa = PBXGroup;
			children = (
				5280244225A357F900817A04 /* Shared */,
				5280244325A357FC00817A04 /* Core */,
				5280242D25A357CC00817A04 /* AppDelegate.swift */,
				5280242F25A357CC00817A04 /* SceneDelegate.swift */,
				5280243125A357CC00817A04 /* ViewController.swift */,
				5280243625A357CE00817A04 /* Assets.xcassets */,
				5280243825A357CE00817A04 /* LaunchScreen.storyboard */,
				5280243B25A357CE00817A04 /* Info.plist */,
			);
			path = "Counter-Vipper-Swift";
			sourceTree = "<group>";
		};
		5280244225A357F900817A04 /* Shared */ = {
			isa = PBXGroup;
			children = (
			);
			path = Shared;
			sourceTree = "<group>";
		};
		5280244325A357FC00817A04 /* Core */ = {
			isa = PBXGroup;
			children = (
				5280244425A3580200817A04 /* Views */,
			);
			path = Core;
			sourceTree = "<group>";
		};
		5280244425A3580200817A04 /* Views */ = {
			isa = PBXGroup;
			children = (
				5280244525A3580800817A04 /* Counter */,
			);
			path = Views;
			sourceTree = "<group>";
		};
		5280244525A3580800817A04 /* Counter */ = {
			isa = PBXGroup;
			children = (
				5280244625A3584200817A04 /* View */,
				5280244D25A3587900817A04 /* CounterInteractor.swift */,
				5280245025A3588200817A04 /* CounterPresenter.swift */,
				5280245325A3589100817A04 /* Counter.swift */,
				5280245625A358A000817A04 /* CounterRouter.swift */,
				5280245B25A358D100817A04 /* CounterContract.swift */,
			);
			path = Counter;
			sourceTree = "<group>";
		};
		5280244625A3584200817A04 /* View */ = {
			isa = PBXGroup;
			children = (
				5280244825A3585900817A04 /* CounterView.swift */,
			);
			path = View;
			sourceTree = "<group>";
		};
/* End PBXGroup section */

/* Begin PBXNativeTarget section */
		5280242925A357CC00817A04 /* Counter-Vipper-Swift */ = {
			isa = PBXNativeTarget;
			buildConfigurationList = 5280243E25A357CE00817A04 /* Build configuration list for PBXNativeTarget "Counter-Vipper-Swift" */;
			buildPhases = (
				5280242625A357CC00817A04 /* Sources */,
				5280242725A357CC00817A04 /* Frameworks */,
				5280242825A357CC00817A04 /* Resources */,
			);
			buildRules = (
			);
			dependencies = (
			);
			name = "Counter-Vipper-Swift";
			productName = "Counter-Vipper-Swift";
			productReference = 5280242A25A357CC00817A04 /* Counter-Vipper-Swift.app */;
			productType = "com.apple.product-type.application";
		};
/* End PBXNativeTarget section */

/* Begin PBXProject section */
		5280242225A357CC00817A04 /* Project object */ = {
			isa = PBXProject;
			attributes = {
				LastSwiftUpdateCheck = 1200;
				LastUpgradeCheck = 1200;
				TargetAttributes = {
					5280242925A357CC00817A04 = {
						CreatedOnToolsVersion = 12.0.1;
					};
				};
			};
			buildConfigurationList = 5280242525A357CC00817A04 /* Build configuration list for PBXProject "Counter-Vipper-Swift" */;
			compatibilityVersion = "Xcode 9.3";
			developmentRegion = en;
			hasScannedForEncodings = 0;
			knownRegions = (
				en,
				Base,
			);
			mainGroup = 5280242125A357CC00817A04;
			productRefGroup = 5280242B25A357CC00817A04 /* Products */;
			projectDirPath = "";
			projectRoot = "";
			targets = (
				5280242925A357CC00817A04 /* Counter-Vipper-Swift */,
			);
		};
/* End PBXProject section */

/* Begin PBXResourcesBuildPhase section */
		5280242825A357CC00817A04 /* Resources */ = {
			isa = PBXResourcesBuildPhase;
			buildActionMask = 2147483647;
			files = (
				5280243A25A357CE00817A04 /* LaunchScreen.storyboard in Resources */,
				5280243725A357CE00817A04 /* Assets.xcassets in Resources */,
			);
			runOnlyForDeploymentPostprocessing = 0;
		};
/* End PBXResourcesBuildPhase section */

/* Begin PBXSourcesBuildPhase section */
		5280242625A357CC00817A04 /* Sources */ = {
			isa = PBXSourcesBuildPhase;
			buildActionMask = 2147483647;
			files = (
				5280243225A357CC00817A04 /* ViewController.swift in Sources */,
				5280245125A3588200817A04 /* CounterPresenter.swift in Sources */,
				5280244E25A3587900817A04 /* CounterInteractor.swift in Sources */,
				5280245C25A358D100817A04 /* CounterContract.swift in Sources */,
				5280242E25A357CC00817A04 /* AppDelegate.swift in Sources */,
				5280243025A357CC00817A04 /* SceneDelegate.swift in Sources */,
				5280244925A3585900817A04 /* CounterView.swift in Sources */,
				5280245425A3589100817A04 /* Counter.swift in Sources */,
				5280245725A358A000817A04 /* CounterRouter.swift in Sources */,
			);
			runOnlyForDeploymentPostprocessing = 0;
		};
/* End PBXSourcesBuildPhase section */

/* Begin PBXVariantGroup section */
		5280243825A357CE00817A04 /* LaunchScreen.storyboard */ = {
			isa = PBXVariantGroup;
			children = (
				5280243925A357CE00817A04 /* Base */,
			);
			name = LaunchScreen.storyboard;
			sourceTree = "<group>";
		};
/* End PBXVariantGroup section */

/* Begin XCBuildConfiguration section */
		5280243C25A357CE00817A04 /* Debug */ = {
			isa = XCBuildConfiguration;
			buildSettings = {
				ALWAYS_SEARCH_USER_PATHS = NO;
				CLANG_ANALYZER_NONNULL = YES;
				CLANG_ANALYZER_NUMBER_OBJECT_CONVERSION = YES_AGGRESSIVE;
				CLANG_CXX_LANGUAGE_STANDARD = "gnu++14";
				CLANG_CXX_LIBRARY = "libc++";
				CLANG_ENABLE_MODULES = YES;
				CLANG_ENABLE_OBJC_ARC = YES;
				CLANG_ENABLE_OBJC_WEAK = YES;
				CLANG_WARN_BLOCK_CAPTURE_AUTORELEASING = YES;
				CLANG_WARN_BOOL_CONVERSION = YES;
				CLANG_WARN_COMMA = YES;
				CLANG_WARN_CONSTANT_CONVERSION = YES;
				CLANG_WARN_DEPRECATED_OBJC_IMPLEMENTATIONS = YES;
				CLANG_WARN_DIRECT_OBJC_ISA_USAGE = YES_ERROR;
				CLANG_WARN_DOCUMENTATION_COMMENTS = YES;
				CLANG_WARN_EMPTY_BODY = YES;
				CLANG_WARN_ENUM_CONVERSION = YES;
				CLANG_WARN_INFINITE_RECURSION = YES;
				CLANG_WARN_INT_CONVERSION = YES;
				CLANG_WARN_NON_LITERAL_NULL_CONVERSION = YES;
				CLANG_WARN_OBJC_IMPLICIT_RETAIN_SELF = YES;
				CLANG_WARN_OBJC_LITERAL_CONVERSION = YES;
				CLANG_WARN_OBJC_ROOT_CLASS = YES_ERROR;
				CLANG_WARN_QUOTED_INCLUDE_IN_FRAMEWORK_HEADER = YES;
				CLANG_WARN_RANGE_LOOP_ANALYSIS = YES;
				CLANG_WARN_STRICT_PROTOTYPES = YES;
				CLANG_WARN_SUSPICIOUS_MOVE = YES;
				CLANG_WARN_UNGUARDED_AVAILABILITY = YES_AGGRESSIVE;
				CLANG_WARN_UNREACHABLE_CODE = YES;
				CLANG_WARN__DUPLICATE_METHOD_MATCH = YES;
				COPY_PHASE_STRIP = NO;
				DEBUG_INFORMATION_FORMAT = dwarf;
				ENABLE_STRICT_OBJC_MSGSEND = YES;
				ENABLE_TESTABILITY = YES;
				GCC_C_LANGUAGE_STANDARD = gnu11;
				GCC_DYNAMIC_NO_PIC = NO;
				GCC_NO_COMMON_BLOCKS = YES;
				GCC_OPTIMIZATION_LEVEL = 0;
				GCC_PREPROCESSOR_DEFINITIONS = (
					"DEBUG=1",
					"$(inherited)",
				);
				GCC_WARN_64_TO_32_BIT_CONVERSION = YES;
				GCC_WARN_ABOUT_RETURN_TYPE = YES_ERROR;
				GCC_WARN_UNDECLARED_SELECTOR = YES;
				GCC_WARN_UNINITIALIZED_AUTOS = YES_AGGRESSIVE;
				GCC_WARN_UNUSED_FUNCTION = YES;
				GCC_WARN_UNUSED_VARIABLE = YES;
				IPHONEOS_DEPLOYMENT_TARGET = 14.0;
				MTL_ENABLE_DEBUG_INFO = INCLUDE_SOURCE;
				MTL_FAST_MATH = YES;
				ONLY_ACTIVE_ARCH = YES;
				SDKROOT = iphoneos;
				SWIFT_ACTIVE_COMPILATION_CONDITIONS = DEBUG;
				SWIFT_OPTIMIZATION_LEVEL = "-Onone";
			};
			name = Debug;
		};
		5280243D25A357CE00817A04 /* Release */ = {
			isa = XCBuildConfiguration;
			buildSettings = {
				ALWAYS_SEARCH_USER_PATHS = NO;
				CLANG_ANALYZER_NONNULL = YES;
				CLANG_ANALYZER_NUMBER_OBJECT_CONVERSION = YES_AGGRESSIVE;
				CLANG_CXX_LANGUAGE_STANDARD = "gnu++14";
				CLANG_CXX_LIBRARY = "libc++";
				CLANG_ENABLE_MODULES = YES;
				CLANG_ENABLE_OBJC_ARC = YES;
				CLANG_ENABLE_OBJC_WEAK = YES;
				CLANG_WARN_BLOCK_CAPTURE_AUTORELEASING = YES;
				CLANG_WARN_BOOL_CONVERSION = YES;
				CLANG_WARN_COMMA = YES;
				CLANG_WARN_CONSTANT_CONVERSION = YES;
				CLANG_WARN_DEPRECATED_OBJC_IMPLEMENTATIONS = YES;
				CLANG_WARN_DIRECT_OBJC_ISA_USAGE = YES_ERROR;
				CLANG_WARN_DOCUMENTATION_COMMENTS = YES;
				CLANG_WARN_EMPTY_BODY = YES;
				CLANG_WARN_ENUM_CONVERSION = YES;
				CLANG_WARN_INFINITE_RECURSION = YES;
				CLANG_WARN_INT_CONVERSION = YES;
				CLANG_WARN_NON_LITERAL_NULL_CONVERSION = YES;
				CLANG_WARN_OBJC_IMPLICIT_RETAIN_SELF = YES;
				CLANG_WARN_OBJC_LITERAL_CONVERSION = YES;
				CLANG_WARN_OBJC_ROOT_CLASS = YES_ERROR;
				CLANG_WARN_QUOTED_INCLUDE_IN_FRAMEWORK_HEADER = YES;
				CLANG_WARN_RANGE_LOOP_ANALYSIS = YES;
				CLANG_WARN_STRICT_PROTOTYPES = YES;
				CLANG_WARN_SUSPICIOUS_MOVE = YES;
				CLANG_WARN_UNGUARDED_AVAILABILITY = YES_AGGRESSIVE;
				CLANG_WARN_UNREACHABLE_CODE = YES;
				CLANG_WARN__DUPLICATE_METHOD_MATCH = YES;
				COPY_PHASE_STRIP = NO;
				DEBUG_INFORMATION_FORMAT = "dwarf-with-dsym";
				ENABLE_NS_ASSERTIONS = NO;
				ENABLE_STRICT_OBJC_MSGSEND = YES;
				GCC_C_LANGUAGE_STANDARD = gnu11;
				GCC_NO_COMMON_BLOCKS = YES;
				GCC_WARN_64_TO_32_BIT_CONVERSION = YES;
				GCC_WARN_ABOUT_RETURN_TYPE = YES_ERROR;
				GCC_WARN_UNDECLARED_SELECTOR = YES;
				GCC_WARN_UNINITIALIZED_AUTOS = YES_AGGRESSIVE;
				GCC_WARN_UNUSED_FUNCTION = YES;
				GCC_WARN_UNUSED_VARIABLE = YES;
				IPHONEOS_DEPLOYMENT_TARGET = 14.0;
				MTL_ENABLE_DEBUG_INFO = NO;
				MTL_FAST_MATH = YES;
				SDKROOT = iphoneos;
				SWIFT_COMPILATION_MODE = wholemodule;
				SWIFT_OPTIMIZATION_LEVEL = "-O";
				VALIDATE_PRODUCT = YES;
			};
			name = Release;
		};
		5280243F25A357CE00817A04 /* Debug */ = {
			isa = XCBuildConfiguration;
			buildSettings = {
				ASSETCATALOG_COMPILER_APPICON_NAME = AppIcon;
				ASSETCATALOG_COMPILER_GLOBAL_ACCENT_COLOR_NAME = AccentColor;
				CODE_SIGN_STYLE = Automatic;
				DEVELOPMENT_TEAM = 7P22AU4AK8;
				INFOPLIST_FILE = "Counter-Vipper-Swift/Info.plist";
				LD_RUNPATH_SEARCH_PATHS = (
					"$(inherited)",
					"@executable_path/Frameworks",
				);
				PRODUCT_BUNDLE_IDENTIFIER = "com.alda-loq-369.Counter-Vipper-Swift";
				PRODUCT_NAME = "$(TARGET_NAME)";
				SWIFT_VERSION = 5.0;
				TARGETED_DEVICE_FAMILY = "1,2";
			};
			name = Debug;
		};
		5280244025A357CE00817A04 /* Release */ = {
			isa = XCBuildConfiguration;
			buildSettings = {
				ASSETCATALOG_COMPILER_APPICON_NAME = AppIcon;
				ASSETCATALOG_COMPILER_GLOBAL_ACCENT_COLOR_NAME = AccentColor;
				CODE_SIGN_STYLE = Automatic;
				DEVELOPMENT_TEAM = 7P22AU4AK8;
				INFOPLIST_FILE = "Counter-Vipper-Swift/Info.plist";
				LD_RUNPATH_SEARCH_PATHS = (
					"$(inherited)",
					"@executable_path/Frameworks",
				);
				PRODUCT_BUNDLE_IDENTIFIER = "com.alda-loq-369.Counter-Vipper-Swift";
				PRODUCT_NAME = "$(TARGET_NAME)";
				SWIFT_VERSION = 5.0;
				TARGETED_DEVICE_FAMILY = "1,2";
			};
			name = Release;
		};
/* End XCBuildConfiguration section */

/* Begin XCConfigurationList section */
		5280242525A357CC00817A04 /* Build configuration list for PBXProject "Counter-Vipper-Swift" */ = {
			isa = XCConfigurationList;
			buildConfigurations = (
				5280243C25A357CE00817A04 /* Debug */,
				5280243D25A357CE00817A04 /* Release */,
			);
			defaultConfigurationIsVisible = 0;
			defaultConfigurationName = Release;
		};
		5280243E25A357CE00817A04 /* Build configuration list for PBXNativeTarget "Counter-Vipper-Swift" */ = {
			isa = XCConfigurationList;
			buildConfigurations = (
				5280243F25A357CE00817A04 /* Debug */,
				5280244025A357CE00817A04 /* Release */,
			);
			defaultConfigurationIsVisible = 0;
			defaultConfigurationName = Release;
		};
/* End XCConfigurationList section */
	};
	rootObject = 5280242225A357CC00817A04 /* Project object */;
}
